
Microsoft Visual Studio Solution File, Format Version 12.00
# Visual Studio Version 16
VisualStudioVersion = 16.0.30717.126
MinimumVisualStudioVersion = 10.0.40219.1
Project("{FAE04EC0-301F-11D3-BF4B-00C04F79EFBC}") = "RateLimiter", "RateLimiter\RateLimiter.csproj", "{44CFA34B-2726-4308-B7CD-BF271415D824}"
EndProject
Project("{FAE04EC0-301F-11D3-BF4B-00C04F79EFBC}") = "RateLimiterTest", "RateLimiterTest\RateLimiterTest.csproj", "{B0B8FFE1-FA87-46BB-8997-30BBD623A586}"
EndProject
Global
	GlobalSection(SolutionConfigurationPlatforms) = preSolution
		Debug|Any CPU = Debug|Any CPU
		Release|Any CPU = Release|Any CPU
	EndGlobalSection
	GlobalSection(ProjectConfigurationPlatforms) = postSolution
		{44CFA34B-2726-4308-B7CD-BF271415D824}.Debug|Any CPU.ActiveCfg = Debug|Any CPU
		{44CFA34B-2726-4308-B7CD-BF271415D824}.Debug|Any CPU.Build.0 = Debug|Any CPU
		{44CFA34B-2726-4308-B7CD-BF271415D824}.Release|Any CPU.ActiveCfg = Release|Any CPU
		{44CFA34B-2726-4308-B7CD-BF271415D824}.Release|Any CPU.Build.0 = Release|Any CPU
		{B0B8FFE1-FA87-46BB-8997-30BBD623A586}.Debug|Any CPU.ActiveCfg = Debug|Any CPU
		{B0B8FFE1-FA87-46BB-8997-30BBD623A586}.Debug|Any CPU.Build.0 = Debug|Any CPU
		{B0B8FFE1-FA87-46BB-8997-30BBD623A586}.Release|Any CPU.ActiveCfg = Release|Any CPU
		{B0B8FFE1-FA87-46BB-8997-30BBD623A586}.Release|Any CPU.Build.0 = Release|Any CPU
	EndGlobalSection
	GlobalSection(SolutionProperties) = preSolution
		HideSolutionNode = FALSE
	EndGlobalSection
	GlobalSection(ExtensibilityGlobals) = postSolution
		SolutionGuid = {94DFEFFA-EDE0-4246-AD60-C3DD9DBFD51E}
	EndGlobalSection
EndGlobal
